
Microsoft Visual Studio Solution File, Format Version 12.00
# Visual Studio Version 16
VisualStudioVersion = 16.0.31129.286
MinimumVisualStudioVersion = 10.0.40219.1
Project("{8BC9CEB8-8B4A-11D0-8D11-00A0C91BC942}") = "ExampleTCP", "ExampleTCP\ExampleTCP.vcxproj", "{0F63A7ED-0183-4B3E-BC98-55C8F2300C8B}"
EndProject
Global
	GlobalSection(SolutionConfigurationPlatforms) = preSolution
		Debug|x64 = Debug|x64
		Debug|x86 = Debug|x86
		Release|x64 = Release|x64
		Release|x86 = Release|x86
	EndGlobalSection
	GlobalSection(ProjectConfigurationPlatforms) = postSolution
		{0F63A7ED-0183-4B3E-BC98-55C8F2300C8B}.Debug|x64.ActiveCfg = Debug|x64
		{0F63A7ED-0183-4B3E-BC98-55C8F2300C8B}.Debug|x64.Build.0 = Debug|x64
		{0F63A7ED-0183-4B3E-BC98-55C8F2300C8B}.Debug|x86.ActiveCfg = Debug|Win32
		{0F63A7ED-0183-4B3E-BC98-55C8F2300C8B}.Debug|x86.Build.0 = Debug|Win32
		{0F63A7ED-0183-4B3E-BC98-55C8F2300C8B}.Release|x64.ActiveCfg = Release|x64
		{0F63A7ED-0183-4B3E-BC98-55C8F2300C8B}.Release|x64.Build.0 = Release|x64
		{0F63A7ED-0183-4B3E-BC98-55C8F2300C8B}.Release|x86.ActiveCfg = Release|Win32
		{0F63A7ED-0183-4B3E-BC98-55C8F2300C8B}.Release|x86.Build.0 = Release|Win32
	EndGlobalSection
	GlobalSection(SolutionProperties) = preSolution
		HideSolutionNode = FALSE
	EndGlobalSection
	GlobalSection(ExtensibilityGlobals) = postSolution
		SolutionGuid = {F357DB8A-69BF-4DA9-86A2-6CEB236F65AD}
	EndGlobalSection
EndGlobal
